Microsoft Visual Studio Solution File, Format Version 7.00
Project("{8BC9CEB8-8B4A-11D0-8D11-00A0C91BC942}") = "cookbook", "cookbook.vcproj", "{9ED49C71-F4D4-4CA2-979F-CD53B285E0CB}"
EndProject
Project("{8BC9CEB8-8B4A-11D0-8D11-00A0C91BC942}") = "CCfits", "..\CCfits\CCfits.vcproj", "{D21AEDFD-0753-4905-B5DD-21083E8BDE7B}"
EndProject
Global
	GlobalSection(SolutionConfiguration) = preSolution
		ConfigName.0 = Debug
		ConfigName.1 = Release
	EndGlobalSection
	GlobalSection(ProjectDependencies) = postSolution
		{9ED49C71-F4D4-4CA2-979F-CD53B285E0CB}.0 = {D21AEDFD-0753-4905-B5DD-21083E8BDE7B}
	EndGlobalSection
	GlobalSection(ProjectConfiguration) = postSolution
		{9ED49C71-F4D4-4CA2-979F-CD53B285E0CB}.Debug.ActiveCfg = Debug|Win32
		{9ED49C71-F4D4-4CA2-979F-CD53B285E0CB}.Debug.Build.0 = Debug|Win32
		{9ED49C71-F4D4-4CA2-979F-CD53B285E0CB}.Release.ActiveCfg = Release|Win32
		{9ED49C71-F4D4-4CA2-979F-CD53B285E0CB}.Release.Build.0 = Release|Win32
		{D21AEDFD-0753-4905-B5DD-21083E8BDE7B}.Debug.ActiveCfg = Debug|Win32
		{D21AEDFD-0753-4905-B5DD-21083E8BDE7B}.Debug.Build.0 = Debug|Win32
		{D21AEDFD-0753-4905-B5DD-21083E8BDE7B}.Release.ActiveCfg = Release|Win32
		{D21AEDFD-0753-4905-B5DD-21083E8BDE7B}.Release.Build.0 = Release|Win32
	EndGlobalSection
	GlobalSection(ExtensibilityGlobals) = postSolution
	EndGlobalSection
	GlobalSection(ExtensibilityAddIns) = postSolution
	EndGlobalSection
EndGlobal
